
Microsoft Visual Studio Solution File, Format Version 12.00
# Visual Studio Version 16
VisualStudioVersion = 16.0.31129.286
MinimumVisualStudioVersion = 10.0.40219.1
Project("{159641D6-6404-4A2A-AE62-294DE0FE8301}") = "SSIS staging", "SSIS staging.dtproj", "{EE273EBB-007A-4E35-B050-A5056B808B75}"
EndProject
Global
	GlobalSection(SolutionConfigurationPlatforms) = preSolution
		Development|Default = Development|Default
	EndGlobalSection
	GlobalSection(ProjectConfigurationPlatforms) = postSolution
		{EE273EBB-007A-4E35-B050-A5056B808B75}.Development|Default.ActiveCfg = Development
		{EE273EBB-007A-4E35-B050-A5056B808B75}.Development|Default.Build.0 = Development
	EndGlobalSection
	GlobalSection(SolutionProperties) = preSolution
		HideSolutionNode = FALSE
	EndGlobalSection
	GlobalSection(ExtensibilityGlobals) = postSolution
		SolutionGuid = {9D11331C-9880-422B-91B4-F68CE35299C3}
	EndGlobalSection
EndGlobal
